
Microsoft Visual Studio Solution File, Format Version 12.00
# Visual Studio 15
VisualStudioVersion = 15.0.28307.757
MinimumVisualStudioVersion = 10.0.40219.1
Project("{FAE04EC0-301F-11D3-BF4B-00C04F79EFBC}") = "Senai.Optus.WebApi", "Senai.Optus.WebApi\Senai.Optus.WebApi.csproj", "{8D37E4A3-4E5C-444D-9215-92FEEDBFE66F}"
EndProject
Global
	GlobalSection(SolutionConfigurationPlatforms) = preSolution
		Debug|Any CPU = Debug|Any CPU
		Release|Any CPU = Release|Any CPU
	EndGlobalSection
	GlobalSection(ProjectConfigurationPlatforms) = postSolution
		{8D37E4A3-4E5C-444D-9215-92FEEDBFE66F}.Debug|Any CPU.ActiveCfg = Debug|Any CPU
		{8D37E4A3-4E5C-444D-9215-92FEEDBFE66F}.Debug|Any CPU.Build.0 = Debug|Any CPU
		{8D37E4A3-4E5C-444D-9215-92FEEDBFE66F}.Release|Any CPU.ActiveCfg = Release|Any CPU
		{8D37E4A3-4E5C-444D-9215-92FEEDBFE66F}.Release|Any CPU.Build.0 = Release|Any CPU
	EndGlobalSection
	GlobalSection(SolutionProperties) = preSolution
		HideSolutionNode = FALSE
	EndGlobalSection
	GlobalSection(ExtensibilityGlobals) = postSolution
		SolutionGuid = {E3EECE2D-8A9F-49EF-A2CE-41E6F44506A7}
	EndGlobalSection
EndGlobal
